# THIS IS AN AUTOGENERATED FILE. DO NOT EDIT THIS FILE DIRECTLY.
# yarn lockfile v1


"@fullcalendar/core@~6.1.15":
  version "6.1.15"
  resolved "https://registry.yarnpkg.com/@fullcalendar/core/-/core-6.1.15.tgz#6c3f5259fc4589870228853072131219bb533f6e"
  integrity sha512-BuX7o6ALpLb84cMw1FCB9/cSgF4JbVO894cjJZ6kP74jzbUZNjtwffwRdA+Id8rrLjT30d/7TrkW90k4zbXB5Q==
  dependencies:
    preact "~10.12.1"

"@fullcalendar/daygrid@~6.1.15":
  version "6.1.15"
  resolved "https://registry.yarnpkg.com/@fullcalendar/daygrid/-/daygrid-6.1.15.tgz#91208b0955ba805ddad285a53ee6f53855146963"
  integrity sha512-j8tL0HhfiVsdtOCLfzK2J0RtSkiad3BYYemwQKq512cx6btz6ZZ2RNc/hVnIxluuWFyvx5sXZwoeTJsFSFTEFA==

"@fullcalendar/interaction@~6.1.15":
  version "6.1.15"
  resolved "https://registry.yarnpkg.com/@fullcalendar/interaction/-/interaction-6.1.15.tgz#1c685d5c269388d4877b75ab2185e97d7c386cc7"
  integrity sha512-DOTSkofizM7QItjgu7W68TvKKvN9PSEEvDJceyMbQDvlXHa7pm/WAVtAc6xSDZ9xmB1QramYoWGLHkCYbTW1rQ==

"@fullcalendar/list@~6.1.15":
  version "6.1.15"
  resolved "https://registry.yarnpkg.com/@fullcalendar/list/-/list-6.1.15.tgz#d9b7ff0a50d7efa0d31234ed6caea06db6090c29"
  integrity sha512-U1bce04tYDwkFnuVImJSy2XalYIIQr6YusOWRPM/5ivHcJh67Gm8CIMSWpi3KdRSNKFkqBxLPkfZGBMaOcJYug==

"@fullcalendar/multimonth@~6.1.15":
  version "6.1.15"
  resolved "https://registry.yarnpkg.com/@fullcalendar/multimonth/-/multimonth-6.1.15.tgz#884ab80122ca92ff51fa96c2353a069468b640d6"
  integrity sha512-sEZY6jbOYkeF9TwhUldG+UUVv+hiPlGkS8zZEgPR7ypcjhipyA03c5rPjx7N6huOHqh6lCMH59zlohLooQRlaw==
  dependencies:
    "@fullcalendar/daygrid" "~6.1.15"

"@fullcalendar/timegrid@~6.1.15":
  version "6.1.15"
  resolved "https://registry.yarnpkg.com/@fullcalendar/timegrid/-/timegrid-6.1.15.tgz#c4630b7c03c813065154c6e3981f8d51d9d692e5"
  integrity sha512-61ORr3A148RtxQ2FNG7JKvacyA/TEVZ7z6I+3E9Oeu3dqTf6M928bFcpehRTIK6zIA6Yifs7BeWHgOE9dFnpbw==
  dependencies:
    "@fullcalendar/daygrid" "~6.1.15"

bootstrap@^5.3.3:
  version "5.3.3"
  resolved "https://registry.yarnpkg.com/bootstrap/-/bootstrap-5.3.3.tgz#de35e1a765c897ac940021900fcbb831602bac38"
  integrity sha512-8HLCdWgyoMguSO9o+aH+iuZ+aht+mzW0u3HIMzVu7Srrpv7EBBxTnrFlSCskwdY1+EOFQSm7uMJhNQHkdPcmjg==

fullcalendar@^6.1.15:
  version "6.1.15"
  resolved "https://registry.yarnpkg.com/fullcalendar/-/fullcalendar-6.1.15.tgz#bd82b2aac81267be035872753a0a7bf9fc2f5d12"
  integrity sha512-CFnh1yswjRh9puJVDk8VGwTlyZ6eXxr4qLI7QCA0+bozyAm+BluP1US5mOtgk0gEq23nQxGSNDoBvAraz++saQ==
  dependencies:
    "@fullcalendar/core" "~6.1.15"
    "@fullcalendar/daygrid" "~6.1.15"
    "@fullcalendar/interaction" "~6.1.15"
    "@fullcalendar/list" "~6.1.15"
    "@fullcalendar/multimonth" "~6.1.15"
    "@fullcalendar/timegrid" "~6.1.15"

preact@~10.12.1:
  version "10.12.1"
  resolved "https://registry.yarnpkg.com/preact/-/preact-10.12.1.tgz#8f9cb5442f560e532729b7d23d42fd1161354a21"
  integrity sha512-l8386ixSsBdbreOAkqtrwqHwdvR35ID8c3rKPa8lCWuO86dBi32QWHV4vfsZK1utLLFMvw+Z5Ad4XLkZzchscg==
